
Microsoft Visual Studio Solution File, Format Version 12.00
# Visual Studio 2013
VisualStudioVersion = 12.0.21005.1
MinimumVisualStudioVersion = 10.0.40219.1
Project("{FAE04EC0-301F-11D3-BF4B-00C04F79EFBC}") = "HLP.GeraXml.bel", "HLP.GeraXml.bel\HLP.GeraXml.bel.csproj", "{A80AB13D-E651-45E4-877D-71E6FE5ADB30}"
EndProject
Project("{FAE04EC0-301F-11D3-BF4B-00C04F79EFBC}") = "HLP.GeraXml.dao", "HLP.GeraXml.dao\HLP.GeraXml.dao.csproj", "{FD1EA646-5421-469C-ADF2-6CA5BD7F51B8}"
EndProject
Project("{FAE04EC0-301F-11D3-BF4B-00C04F79EFBC}") = "HLP.GeraXml.UI", "HLP.GeraXml.UI\HLP.GeraXml.UI.csproj", "{6FE6E95E-B145-4DCC-8EB0-1E1CE8F9A99C}"
EndProject
Project("{FAE04EC0-301F-11D3-BF4B-00C04F79EFBC}") = "HLP.GeraXml.Comum", "HLP.GeraXml.Comum\HLP.GeraXml.Comum.csproj", "{EC6A843B-7B8D-4E7E-B63A-8DA001B39EF5}"
EndProject
Project("{FAE04EC0-301F-11D3-BF4B-00C04F79EFBC}") = "HLP.GeraXml.WebService", "HLP.GeraXml.WebService\HLP.GeraXml.WebService.csproj", "{2EE8C713-3065-48EF-BC14-6E97B249B802}"
EndProject
Project("{FAE04EC0-301F-11D3-BF4B-00C04F79EFBC}") = "HLP.GeraXml.WebServiceHomologacao", "HLP.GeraXml.WebServiceHomologacao\HLP.GeraXml.WebServiceHomologacao.csproj", "{2C9663D3-385F-4F4C-99A6-37CDF4433F71}"
EndProject
Global
	GlobalSection(SolutionConfigurationPlatforms) = preSolution
		CD_ROM|Any CPU = CD_ROM|Any CPU
		CD_ROM|Mixed Platforms = CD_ROM|Mixed Platforms
		CD_ROM|x64 = CD_ROM|x64
		CD_ROM|x86 = CD_ROM|x86
		Debug|Any CPU = Debug|Any CPU
		Debug|Mixed Platforms = Debug|Mixed Platforms
		Debug|x64 = Debug|x64
		Debug|x86 = Debug|x86
		DVD-5|Any CPU = DVD-5|Any CPU
		DVD-5|Mixed Platforms = DVD-5|Mixed Platforms
		DVD-5|x64 = DVD-5|x64
		DVD-5|x86 = DVD-5|x86
		Release|Any CPU = Release|Any CPU
		Release|Mixed Platforms = Release|Mixed Platforms
		Release|x64 = Release|x64
		Release|x86 = Release|x86
		SingleImage|Any CPU = SingleImage|Any CPU
		SingleImage|Mixed Platforms = SingleImage|Mixed Platforms
		SingleImage|x64 = SingleImage|x64
		SingleImage|x86 = SingleImage|x86
	EndGlobalSection
	GlobalSection(ProjectConfigurationPlatforms) = postSolution
		{A80AB13D-E651-45E4-877D-71E6FE5ADB30}.CD_ROM|Any CPU.ActiveCfg = Release|Any CPU
		{A80AB13D-E651-45E4-877D-71E6FE5ADB30}.CD_ROM|Any CPU.Build.0 = Release|Any CPU
		{A80AB13D-E651-45E4-877D-71E6FE5ADB30}.CD_ROM|Mixed Platforms.ActiveCfg = Release|Any CPU
		{A80AB13D-E651-45E4-877D-71E6FE5ADB30}.CD_ROM|Mixed Platforms.Build.0 = Release|Any CPU
		{A80AB13D-E651-45E4-877D-71E6FE5ADB30}.CD_ROM|x64.ActiveCfg = Release|Any CPU
		{A80AB13D-E651-45E4-877D-71E6FE5ADB30}.CD_ROM|x86.ActiveCfg = Release|Any CPU
		{A80AB13D-E651-45E4-877D-71E6FE5ADB30}.Debug|Any CPU.ActiveCfg = Debug|Any CPU
		{A80AB13D-E651-45E4-877D-71E6FE5ADB30}.Debug|Any CPU.Build.0 = Debug|Any CPU
		{A80AB13D-E651-45E4-877D-71E6FE5ADB30}.Debug|Mixed Platforms.ActiveCfg = Debug|Any CPU
		{A80AB13D-E651-45E4-877D-71E6FE5ADB30}.Debug|Mixed Platforms.Build.0 = Debug|Any CPU
		{A80AB13D-E651-45E4-877D-71E6FE5ADB30}.Debug|x64.ActiveCfg = Debug|Any CPU
		{A80AB13D-E651-45E4-877D-71E6FE5ADB30}.Debug|x86.ActiveCfg = Debug|Any CPU
		{A80AB13D-E651-45E4-877D-71E6FE5ADB30}.Debug|x86.Build.0 = Debug|Any CPU
		{A80AB13D-E651-45E4-877D-71E6FE5ADB30}.DVD-5|Any CPU.ActiveCfg = Debug|Any CPU
		{A80AB13D-E651-45E4-877D-71E6FE5ADB30}.DVD-5|Any CPU.Build.0 = Debug|Any CPU
		{A80AB13D-E651-45E4-877D-71E6FE5ADB30}.DVD-5|Mixed Platforms.ActiveCfg = Debug|Any CPU
		{A80AB13D-E651-45E4-877D-71E6FE5ADB30}.DVD-5|Mixed Platforms.Build.0 = Debug|Any CPU
		{A80AB13D-E651-45E4-877D-71E6FE5ADB30}.DVD-5|x64.ActiveCfg = Debug|Any CPU
		{A80AB13D-E651-45E4-877D-71E6FE5ADB30}.DVD-5|x86.ActiveCfg = Debug|Any CPU
		{A80AB13D-E651-45E4-877D-71E6FE5ADB30}.Release|Any CPU.ActiveCfg = Release|Any CPU
		{A80AB13D-E651-45E4-877D-71E6FE5ADB30}.Release|Any CPU.Build.0 = Release|Any CPU
		{A80AB13D-E651-45E4-877D-71E6FE5ADB30}.Release|Mixed Platforms.ActiveCfg = Release|Any CPU
		{A80AB13D-E651-45E4-877D-71E6FE5ADB30}.Release|Mixed Platforms.Build.0 = Release|Any CPU
		{A80AB13D-E651-45E4-877D-71E6FE5ADB30}.Release|x64.ActiveCfg = Release|Any CPU
		{A80AB13D-E651-45E4-877D-71E6FE5ADB30}.Release|x86.ActiveCfg = Release|Any CPU
		{A80AB13D-E651-45E4-877D-71E6FE5ADB30}.SingleImage|Any CPU.ActiveCfg = Release|Any CPU
		{A80AB13D-E651-45E4-877D-71E6FE5ADB30}.SingleImage|Any CPU.Build.0 = Release|Any CPU
		{A80AB13D-E651-45E4-877D-71E6FE5ADB30}.SingleImage|Mixed Platforms.ActiveCfg = Release|Any CPU
		{A80AB13D-E651-45E4-877D-71E6FE5ADB30}.SingleImage|Mixed Platforms.Build.0 = Release|Any CPU
		{A80AB13D-E651-45E4-877D-71E6FE5ADB30}.SingleImage|x64.ActiveCfg = Release|Any CPU
		{A80AB13D-E651-45E4-877D-71E6FE5ADB30}.SingleImage|x86.ActiveCfg = Release|Any CPU
		{FD1EA646-5421-469C-ADF2-6CA5BD7F51B8}.CD_ROM|Any CPU.ActiveCfg = Release|Any CPU
		{FD1EA646-5421-469C-ADF2-6CA5BD7F51B8}.CD_ROM|Any CPU.Build.0 = Release|Any CPU
		{FD1EA646-5421-469C-ADF2-6CA5BD7F51B8}.CD_ROM|Mixed Platforms.ActiveCfg = Release|Any CPU
		{FD1EA646-5421-469C-ADF2-6CA5BD7F51B8}.CD_ROM|Mixed Platforms.Build.0 = Release|Any CPU
		{FD1EA646-5421-469C-ADF2-6CA5BD7F51B8}.CD_ROM|x64.ActiveCfg = Release|Any CPU
		{FD1EA646-5421-469C-ADF2-6CA5BD7F51B8}.CD_ROM|x86.ActiveCfg = Release|Any CPU
		{FD1EA646-5421-469C-ADF2-6CA5BD7F51B8}.Debug|Any CPU.ActiveCfg = Debug|Any CPU
		{FD1EA646-5421-469C-ADF2-6CA5BD7F51B8}.Debug|Any CPU.Build.0 = Debug|Any CPU
		{FD1EA646-5421-469C-ADF2-6CA5BD7F51B8}.Debug|Mixed Platforms.ActiveCfg = Debug|Any CPU
		{FD1EA646-5421-469C-ADF2-6CA5BD7F51B8}.Debug|Mixed Platforms.Build.0 = Debug|Any CPU
		{FD1EA646-5421-469C-ADF2-6CA5BD7F51B8}.Debug|x64.ActiveCfg = Debug|Any CPU
		{FD1EA646-5421-469C-ADF2-6CA5BD7F51B8}.Debug|x86.ActiveCfg = Debug|Any CPU
		{FD1EA646-5421-469C-ADF2-6CA5BD7F51B8}.Debug|x86.Build.0 = Debug|Any CPU
		{FD1EA646-5421-469C-ADF2-6CA5BD7F51B8}.DVD-5|Any CPU.ActiveCfg = Debug|Any CPU
		{FD1EA646-5421-469C-ADF2-6CA5BD7F51B8}.DVD-5|Any CPU.Build.0 = Debug|Any CPU
		{FD1EA646-5421-469C-ADF2-6CA5BD7F51B8}.DVD-5|Mixed Platforms.ActiveCfg = Debug|Any CPU
		{FD1EA646-5421-469C-ADF2-6CA5BD7F51B8}.DVD-5|Mixed Platforms.Build.0 = Debug|Any CPU
		{FD1EA646-5421-469C-ADF2-6CA5BD7F51B8}.DVD-5|x64.ActiveCfg = Debug|Any CPU
		{FD1EA646-5421-469C-ADF2-6CA5BD7F51B8}.DVD-5|x86.ActiveCfg = Debug|Any CPU
		{FD1EA646-5421-469C-ADF2-6CA5BD7F51B8}.Release|Any CPU.ActiveCfg = Release|Any CPU
		{FD1EA646-5421-469C-ADF2-6CA5BD7F51B8}.Release|Any CPU.Build.0 = Release|Any CPU
		{FD1EA646-5421-469C-ADF2-6CA5BD7F51B8}.Release|Mixed Platforms.ActiveCfg = Release|Any CPU
		{FD1EA646-5421-469C-ADF2-6CA5BD7F51B8}.Release|Mixed Platforms.Build.0 = Release|Any CPU
		{FD1EA646-5421-469C-ADF2-6CA5BD7F51B8}.Release|x64.ActiveCfg = Release|Any CPU
		{FD1EA646-5421-469C-ADF2-6CA5BD7F51B8}.Release|x86.ActiveCfg = Release|Any CPU
		{FD1EA646-5421-469C-ADF2-6CA5BD7F51B8}.SingleImage|Any CPU.ActiveCfg = Release|Any CPU
		{FD1EA646-5421-469C-ADF2-6CA5BD7F51B8}.SingleImage|Any CPU.Build.0 = Release|Any CPU
		{FD1EA646-5421-469C-ADF2-6CA5BD7F51B8}.SingleImage|Mixed Platforms.ActiveCfg = Release|Any CPU
		{FD1EA646-5421-469C-ADF2-6CA5BD7F51B8}.SingleImage|Mixed Platforms.Build.0 = Release|Any CPU
		{FD1EA646-5421-469C-ADF2-6CA5BD7F51B8}.SingleImage|x64.ActiveCfg = Release|Any CPU
		{FD1EA646-5421-469C-ADF2-6CA5BD7F51B8}.SingleImage|x86.ActiveCfg = Release|Any CPU
		{6FE6E95E-B145-4DCC-8EB0-1E1CE8F9A99C}.CD_ROM|Any CPU.ActiveCfg = Release|x86
		{6FE6E95E-B145-4DCC-8EB0-1E1CE8F9A99C}.CD_ROM|Mixed Platforms.ActiveCfg = Release|x86
		{6FE6E95E-B145-4DCC-8EB0-1E1CE8F9A99C}.CD_ROM|Mixed Platforms.Build.0 = Release|x86
		{6FE6E95E-B145-4DCC-8EB0-1E1CE8F9A99C}.CD_ROM|x64.ActiveCfg = Release|x64
		{6FE6E95E-B145-4DCC-8EB0-1E1CE8F9A99C}.CD_ROM|x64.Build.0 = Release|x64
		{6FE6E95E-B145-4DCC-8EB0-1E1CE8F9A99C}.CD_ROM|x86.ActiveCfg = Release|x86
		{6FE6E95E-B145-4DCC-8EB0-1E1CE8F9A99C}.CD_ROM|x86.Build.0 = Release|x86
		{6FE6E95E-B145-4DCC-8EB0-1E1CE8F9A99C}.Debug|Any CPU.ActiveCfg = Debug|x86
		{6FE6E95E-B145-4DCC-8EB0-1E1CE8F9A99C}.Debug|Mixed Platforms.ActiveCfg = Debug|x86
		{6FE6E95E-B145-4DCC-8EB0-1E1CE8F9A99C}.Debug|Mixed Platforms.Build.0 = Debug|x86
		{6FE6E95E-B145-4DCC-8EB0-1E1CE8F9A99C}.Debug|x64.ActiveCfg = Debug|x64
		{6FE6E95E-B145-4DCC-8EB0-1E1CE8F9A99C}.Debug|x64.Build.0 = Debug|x64
		{6FE6E95E-B145-4DCC-8EB0-1E1CE8F9A99C}.Debug|x86.ActiveCfg = Debug|x86
		{6FE6E95E-B145-4DCC-8EB0-1E1CE8F9A99C}.Debug|x86.Build.0 = Debug|x86
		{6FE6E95E-B145-4DCC-8EB0-1E1CE8F9A99C}.DVD-5|Any CPU.ActiveCfg = Debug|x86
		{6FE6E95E-B145-4DCC-8EB0-1E1CE8F9A99C}.DVD-5|Mixed Platforms.ActiveCfg = Debug|x86
		{6FE6E95E-B145-4DCC-8EB0-1E1CE8F9A99C}.DVD-5|Mixed Platforms.Build.0 = Debug|x86
		{6FE6E95E-B145-4DCC-8EB0-1E1CE8F9A99C}.DVD-5|x64.ActiveCfg = Debug|x64
		{6FE6E95E-B145-4DCC-8EB0-1E1CE8F9A99C}.DVD-5|x64.Build.0 = Debug|x64
		{6FE6E95E-B145-4DCC-8EB0-1E1CE8F9A99C}.DVD-5|x86.ActiveCfg = Debug|x86
		{6FE6E95E-B145-4DCC-8EB0-1E1CE8F9A99C}.DVD-5|x86.Build.0 = Debug|x86
		{6FE6E95E-B145-4DCC-8EB0-1E1CE8F9A99C}.Release|Any CPU.ActiveCfg = Release|x86
		{6FE6E95E-B145-4DCC-8EB0-1E1CE8F9A99C}.Release|Mixed Platforms.ActiveCfg = Release|x86
		{6FE6E95E-B145-4DCC-8EB0-1E1CE8F9A99C}.Release|Mixed Platforms.Build.0 = Release|x86
		{6FE6E95E-B145-4DCC-8EB0-1E1CE8F9A99C}.Release|x64.ActiveCfg = Release|x64
		{6FE6E95E-B145-4DCC-8EB0-1E1CE8F9A99C}.Release|x64.Build.0 = Release|x64
		{6FE6E95E-B145-4DCC-8EB0-1E1CE8F9A99C}.Release|x86.ActiveCfg = Release|x86
		{6FE6E95E-B145-4DCC-8EB0-1E1CE8F9A99C}.Release|x86.Build.0 = Release|x86
		{6FE6E95E-B145-4DCC-8EB0-1E1CE8F9A99C}.SingleImage|Any CPU.ActiveCfg = Release|x86
		{6FE6E95E-B145-4DCC-8EB0-1E1CE8F9A99C}.SingleImage|Mixed Platforms.ActiveCfg = Release|x86
		{6FE6E95E-B145-4DCC-8EB0-1E1CE8F9A99C}.SingleImage|Mixed Platforms.Build.0 = Release|x86
		{6FE6E95E-B145-4DCC-8EB0-1E1CE8F9A99C}.SingleImage|x64.ActiveCfg = Release|x64
		{6FE6E95E-B145-4DCC-8EB0-1E1CE8F9A99C}.SingleImage|x64.Build.0 = Release|x64
		{6FE6E95E-B145-4DCC-8EB0-1E1CE8F9A99C}.SingleImage|x86.ActiveCfg = Release|x86
		{6FE6E95E-B145-4DCC-8EB0-1E1CE8F9A99C}.SingleImage|x86.Build.0 = Release|x86
		{EC6A843B-7B8D-4E7E-B63A-8DA001B39EF5}.CD_ROM|Any CPU.ActiveCfg = Release|Any CPU
		{EC6A843B-7B8D-4E7E-B63A-8DA001B39EF5}.CD_ROM|Any CPU.Build.0 = Release|Any CPU
		{EC6A843B-7B8D-4E7E-B63A-8DA001B39EF5}.CD_ROM|Mixed Platforms.ActiveCfg = Release|Any CPU
		{EC6A843B-7B8D-4E7E-B63A-8DA001B39EF5}.CD_ROM|Mixed Platforms.Build.0 = Release|Any CPU
		{EC6A843B-7B8D-4E7E-B63A-8DA001B39EF5}.CD_ROM|x64.ActiveCfg = Release|Any CPU
		{EC6A843B-7B8D-4E7E-B63A-8DA001B39EF5}.CD_ROM|x86.ActiveCfg = Release|Any CPU
		{EC6A843B-7B8D-4E7E-B63A-8DA001B39EF5}.Debug|Any CPU.ActiveCfg = Debug|Any CPU
		{EC6A843B-7B8D-4E7E-B63A-8DA001B39EF5}.Debug|Any CPU.Build.0 = Debug|Any CPU
		{EC6A843B-7B8D-4E7E-B63A-8DA001B39EF5}.Debug|Mixed Platforms.ActiveCfg = Debug|Any CPU
		{EC6A843B-7B8D-4E7E-B63A-8DA001B39EF5}.Debug|Mixed Platforms.Build.0 = Debug|Any CPU
		{EC6A843B-7B8D-4E7E-B63A-8DA001B39EF5}.Debug|x64.ActiveCfg = Debug|Any CPU
		{EC6A843B-7B8D-4E7E-B63A-8DA001B39EF5}.Debug|x86.ActiveCfg = Debug|Any CPU
		{EC6A843B-7B8D-4E7E-B63A-8DA001B39EF5}.Debug|x86.Build.0 = Debug|Any CPU
		{EC6A843B-7B8D-4E7E-B63A-8DA001B39EF5}.DVD-5|Any CPU.ActiveCfg = Debug|Any CPU
		{EC6A843B-7B8D-4E7E-B63A-8DA001B39EF5}.DVD-5|Any CPU.Build.0 = Debug|Any CPU
		{EC6A843B-7B8D-4E7E-B63A-8DA001B39EF5}.DVD-5|Mixed Platforms.ActiveCfg = Debug|Any CPU
		{EC6A843B-7B8D-4E7E-B63A-8DA001B39EF5}.DVD-5|Mixed Platforms.Build.0 = Debug|Any CPU
		{EC6A843B-7B8D-4E7E-B63A-8DA001B39EF5}.DVD-5|x64.ActiveCfg = Debug|Any CPU
		{EC6A843B-7B8D-4E7E-B63A-8DA001B39EF5}.DVD-5|x86.ActiveCfg = Debug|Any CPU
		{EC6A843B-7B8D-4E7E-B63A-8DA001B39EF5}.Release|Any CPU.ActiveCfg = Release|Any CPU
		{EC6A843B-7B8D-4E7E-B63A-8DA001B39EF5}.Release|Any CPU.Build.0 = Release|Any CPU
		{EC6A843B-7B8D-4E7E-B63A-8DA001B39EF5}.Release|Mixed Platforms.ActiveCfg = Release|Any CPU
		{EC6A843B-7B8D-4E7E-B63A-8DA001B39EF5}.Release|Mixed Platforms.Build.0 = Release|Any CPU
		{EC6A843B-7B8D-4E7E-B63A-8DA001B39EF5}.Release|x64.ActiveCfg = Release|Any CPU
		{EC6A843B-7B8D-4E7E-B63A-8DA001B39EF5}.Release|x86.ActiveCfg = Release|Any CPU
		{EC6A843B-7B8D-4E7E-B63A-8DA001B39EF5}.SingleImage|Any CPU.ActiveCfg = Release|Any CPU
		{EC6A843B-7B8D-4E7E-B63A-8DA001B39EF5}.SingleImage|Any CPU.Build.0 = Release|Any CPU
		{EC6A843B-7B8D-4E7E-B63A-8DA001B39EF5}.SingleImage|Mixed Platforms.ActiveCfg = Release|Any CPU
		{EC6A843B-7B8D-4E7E-B63A-8DA001B39EF5}.SingleImage|Mixed Platforms.Build.0 = Release|Any CPU
		{EC6A843B-7B8D-4E7E-B63A-8DA001B39EF5}.SingleImage|x64.ActiveCfg = Release|Any CPU
		{EC6A843B-7B8D-4E7E-B63A-8DA001B39EF5}.SingleImage|x86.ActiveCfg = Release|Any CPU
		{2EE8C713-3065-48EF-BC14-6E97B249B802}.CD_ROM|Any CPU.ActiveCfg = Release|Any CPU
		{2EE8C713-3065-48EF-BC14-6E97B249B802}.CD_ROM|Any CPU.Build.0 = Release|Any CPU
		{2EE8C713-3065-48EF-BC14-6E97B249B802}.CD_ROM|Mixed Platforms.ActiveCfg = Release|Any CPU
		{2EE8C713-3065-48EF-BC14-6E97B249B802}.CD_ROM|Mixed Platforms.Build.0 = Release|Any CPU
		{2EE8C713-3065-48EF-BC14-6E97B249B802}.CD_ROM|x64.ActiveCfg = Release|Any CPU
		{2EE8C713-3065-48EF-BC14-6E97B249B802}.CD_ROM|x86.ActiveCfg = Release|Any CPU
		{2EE8C713-3065-48EF-BC14-6E97B249B802}.Debug|Any CPU.ActiveCfg = Debug|Any CPU
		{2EE8C713-3065-48EF-BC14-6E97B249B802}.Debug|Any CPU.Build.0 = Debug|Any CPU
		{2EE8C713-3065-48EF-BC14-6E97B249B802}.Debug|Mixed Platforms.ActiveCfg = Debug|Any CPU
		{2EE8C713-3065-48EF-BC14-6E97B249B802}.Debug|Mixed Platforms.Build.0 = Debug|Any CPU
		{2EE8C713-3065-48EF-BC14-6E97B249B802}.Debug|x64.ActiveCfg = Debug|Any CPU
		{2EE8C713-3065-48EF-BC14-6E97B249B802}.Debug|x86.ActiveCfg = Debug|Any CPU
		{2EE8C713-3065-48EF-BC14-6E97B249B802}.Debug|x86.Build.0 = Debug|Any CPU
		{2EE8C713-3065-48EF-BC14-6E97B249B802}.DVD-5|Any CPU.ActiveCfg = Debug|Any CPU
		{2EE8C713-3065-48EF-BC14-6E97B249B802}.DVD-5|Any CPU.Build.0 = Debug|Any CPU
		{2EE8C713-3065-48EF-BC14-6E97B249B802}.DVD-5|Mixed Platforms.ActiveCfg = Debug|Any CPU
		{2EE8C713-3065-48EF-BC14-6E97B249B802}.DVD-5|Mixed Platforms.Build.0 = Debug|Any CPU
		{2EE8C713-3065-48EF-BC14-6E97B249B802}.DVD-5|x64.ActiveCfg = Debug|Any CPU
		{2EE8C713-3065-48EF-BC14-6E97B249B802}.DVD-5|x86.ActiveCfg = Debug|Any CPU
		{2EE8C713-3065-48EF-BC14-6E97B249B802}.Release|Any CPU.ActiveCfg = Release|Any CPU
		{2EE8C713-3065-48EF-BC14-6E97B249B802}.Release|Any CPU.Build.0 = Release|Any CPU
		{2EE8C713-3065-48EF-BC14-6E97B249B802}.Release|Mixed Platforms.ActiveCfg = Release|Any CPU
		{2EE8C713-3065-48EF-BC14-6E97B249B802}.Release|Mixed Platforms.Build.0 = Release|Any CPU
		{2EE8C713-3065-48EF-BC14-6E97B249B802}.Release|x64.ActiveCfg = Release|Any CPU
		{2EE8C713-3065-48EF-BC14-6E97B249B802}.Release|x86.ActiveCfg = Release|Any CPU
		{2EE8C713-3065-48EF-BC14-6E97B249B802}.SingleImage|Any CPU.ActiveCfg = Release|Any CPU
		{2EE8C713-3065-48EF-BC14-6E97B249B802}.SingleImage|Any CPU.Build.0 = Release|Any CPU
		{2EE8C713-3065-48EF-BC14-6E97B249B802}.SingleImage|Mixed Platforms.ActiveCfg = Release|Any CPU
		{2EE8C713-3065-48EF-BC14-6E97B249B802}.SingleImage|Mixed Platforms.Build.0 = Release|Any CPU
		{2EE8C713-3065-48EF-BC14-6E97B249B802}.SingleImage|x64.ActiveCfg = Release|Any CPU
		{2EE8C713-3065-48EF-BC14-6E97B249B802}.SingleImage|x86.ActiveCfg = Release|Any CPU
		{2C9663D3-385F-4F4C-99A6-37CDF4433F71}.CD_ROM|Any CPU.ActiveCfg = Release|Any CPU
		{2C9663D3-385F-4F4C-99A6-37CDF4433F71}.CD_ROM|Any CPU.Build.0 = Release|Any CPU
		{2C9663D3-385F-4F4C-99A6-37CDF4433F71}.CD_ROM|Mixed Platforms.ActiveCfg = Release|Any CPU
		{2C9663D3-385F-4F4C-99A6-37CDF4433F71}.CD_ROM|Mixed Platforms.Build.0 = Release|Any CPU
		{2C9663D3-385F-4F4C-99A6-37CDF4433F71}.CD_ROM|x64.ActiveCfg = Release|Any CPU
		{2C9663D3-385F-4F4C-99A6-37CDF4433F71}.CD_ROM|x86.ActiveCfg = Release|Any CPU
		{2C9663D3-385F-4F4C-99A6-37CDF4433F71}.Debug|Any CPU.ActiveCfg = Debug|Any CPU
		{2C9663D3-385F-4F4C-99A6-37CDF4433F71}.Debug|Any CPU.Build.0 = Debug|Any CPU
		{2C9663D3-385F-4F4C-99A6-37CDF4433F71}.Debug|Mixed Platforms.ActiveCfg = Debug|Any CPU
		{2C9663D3-385F-4F4C-99A6-37CDF4433F71}.Debug|Mixed Platforms.Build.0 = Debug|Any CPU
		{2C9663D3-385F-4F4C-99A6-37CDF4433F71}.Debug|x64.ActiveCfg = Debug|Any CPU
		{2C9663D3-385F-4F4C-99A6-37CDF4433F71}.Debug|x86.ActiveCfg = Debug|Any CPU
		{2C9663D3-385F-4F4C-99A6-37CDF4433F71}.DVD-5|Any CPU.ActiveCfg = Debug|Any CPU
		{2C9663D3-385F-4F4C-99A6-37CDF4433F71}.DVD-5|Any CPU.Build.0 = Debug|Any CPU
		{2C9663D3-385F-4F4C-99A6-37CDF4433F71}.DVD-5|Mixed Platforms.ActiveCfg = Debug|Any CPU
		{2C9663D3-385F-4F4C-99A6-37CDF4433F71}.DVD-5|Mixed Platforms.Build.0 = Debug|Any CPU
		{2C9663D3-385F-4F4C-99A6-37CDF4433F71}.DVD-5|x64.ActiveCfg = Debug|Any CPU
		{2C9663D3-385F-4F4C-99A6-37CDF4433F71}.DVD-5|x86.ActiveCfg = Debug|Any CPU
		{2C9663D3-385F-4F4C-99A6-37CDF4433F71}.Release|Any CPU.ActiveCfg = Release|Any CPU
		{2C9663D3-385F-4F4C-99A6-37CDF4433F71}.Release|Any CPU.Build.0 = Release|Any CPU
		{2C9663D3-385F-4F4C-99A6-37CDF4433F71}.Release|Mixed Platforms.ActiveCfg = Release|Any CPU
		{2C9663D3-385F-4F4C-99A6-37CDF4433F71}.Release|Mixed Platforms.Build.0 = Release|Any CPU
		{2C9663D3-385F-4F4C-99A6-37CDF4433F71}.Release|x64.ActiveCfg = Release|Any CPU
		{2C9663D3-385F-4F4C-99A6-37CDF4433F71}.Release|x86.ActiveCfg = Release|Any CPU
		{2C9663D3-385F-4F4C-99A6-37CDF4433F71}.SingleImage|Any CPU.ActiveCfg = Release|Any CPU
		{2C9663D3-385F-4F4C-99A6-37CDF4433F71}.SingleImage|Any CPU.Build.0 = Release|Any CPU
		{2C9663D3-385F-4F4C-99A6-37CDF4433F71}.SingleImage|Mixed Platforms.ActiveCfg = Release|Any CPU
		{2C9663D3-385F-4F4C-99A6-37CDF4433F71}.SingleImage|Mixed Platforms.Build.0 = Release|Any CPU
		{2C9663D3-385F-4F4C-99A6-37CDF4433F71}.SingleImage|x64.ActiveCfg = Release|Any CPU
		{2C9663D3-385F-4F4C-99A6-37CDF4433F71}.SingleImage|x86.ActiveCfg = Release|Any CPU
	EndGlobalSection
	GlobalSection(SolutionProperties) = preSolution
		HideSolutionNode = FALSE
	EndGlobalSection
EndGlobal
